
Microsoft Visual Studio Solution File, Format Version 12.00
# Visual Studio 2012
Project("{FAE04EC0-301F-11D3-BF4B-00C04F79EFBC}") = "PawnMenu", "PawnMenu\PawnMenu.csproj", "{4A8A8DD3-DAD3-4EFD-A904-7BDEFDF56CDC}"
EndProject
Global
	GlobalSection(SolutionConfigurationPlatforms) = preSolution
		Debug|Any CPU = Debug|Any CPU
		Release|Any CPU = Release|Any CPU
	EndGlobalSection
	GlobalSection(ProjectConfigurationPlatforms) = postSolution
		{4A8A8DD3-DAD3-4EFD-A904-7BDEFDF56CDC}.Debug|Any CPU.ActiveCfg = Debug|Any CPU
		{4A8A8DD3-DAD3-4EFD-A904-7BDEFDF56CDC}.Debug|Any CPU.Build.0 = Debug|Any CPU
		{4A8A8DD3-DAD3-4EFD-A904-7BDEFDF56CDC}.Release|Any CPU.ActiveCfg = Release|Any CPU
		{4A8A8DD3-DAD3-4EFD-A904-7BDEFDF56CDC}.Release|Any CPU.Build.0 = Release|Any CPU
	EndGlobalSection
	GlobalSection(MonoDevelopProperties) = preSolution
		Policies = $0
		$0.DotNetNamingPolicy = $1
		$1.DirectoryNamespaceAssociation = None
		$1.ResourceNamePolicy = FileFormatDefault
		version = 1.3
		outputpath = ..\..\Assemblies
	EndGlobalSection
EndGlobal
